
Microsoft Visual Studio Solution File, Format Version 12.00
# Visual Studio Version 17
VisualStudioVersion = 17.6.33815.320
MinimumVisualStudioVersion = 10.0.40219.1
Project("{8BC9CEB8-8B4A-11D0-8D11-00A0C91BC942}") = "SuperHook_x64", "SuperHook_x64\SuperHook_x64.vcxproj", "{8796B038-5ABB-4FB8-B704-F4D124A4D186}"
EndProject
Global
	GlobalSection(SolutionConfigurationPlatforms) = preSolution
		Debug|x64 = Debug|x64
		Debug|x86 = Debug|x86
		Release|x64 = Release|x64
		Release|x86 = Release|x86
	EndGlobalSection
	GlobalSection(ProjectConfigurationPlatforms) = postSolution
		{8796B038-5ABB-4FB8-B704-F4D124A4D186}.Debug|x64.ActiveCfg = Debug|x64
		{8796B038-5ABB-4FB8-B704-F4D124A4D186}.Debug|x64.Build.0 = Debug|x64
		{8796B038-5ABB-4FB8-B704-F4D124A4D186}.Debug|x86.ActiveCfg = Debug|Win32
		{8796B038-5ABB-4FB8-B704-F4D124A4D186}.Debug|x86.Build.0 = Debug|Win32
		{8796B038-5ABB-4FB8-B704-F4D124A4D186}.Release|x64.ActiveCfg = Release|x64
		{8796B038-5ABB-4FB8-B704-F4D124A4D186}.Release|x64.Build.0 = Release|x64
		{8796B038-5ABB-4FB8-B704-F4D124A4D186}.Release|x86.ActiveCfg = Release|Win32
		{8796B038-5ABB-4FB8-B704-F4D124A4D186}.Release|x86.Build.0 = Release|Win32
	EndGlobalSection
	GlobalSection(SolutionProperties) = preSolution
		HideSolutionNode = FALSE
	EndGlobalSection
	GlobalSection(ExtensibilityGlobals) = postSolution
		SolutionGuid = {90A96B3B-389A-493A-9F53-C9881FDF74D0}
	EndGlobalSection
EndGlobal
